
Microsoft Visual Studio Solution File, Format Version 12.00
# Visual Studio Version 16
VisualStudioVersion = 16.0.28922.388
MinimumVisualStudioVersion = 10.0.40219.1
Project("{9A19103F-16F7-4668-BE54-9A1E7A4F7556}") = "LE_Log", "LE_Log\LE_Log.csproj", "{8F220DDE-7C6D-4224-872B-8D596EBC4C01}"
EndProject
Project("{FAE04EC0-301F-11D3-BF4B-00C04F79EFBC}") = "LE_LogTests", "LE_LogTests\LE_LogTests.csproj", "{AD571610-2631-4378-BDDD-5920E2E8DE7B}"
EndProject
Global
	GlobalSection(SolutionConfigurationPlatforms) = preSolution
		Debug|Any CPU = Debug|Any CPU
		Release|Any CPU = Release|Any CPU
	EndGlobalSection
	GlobalSection(ProjectConfigurationPlatforms) = postSolution
		{8F220DDE-7C6D-4224-872B-8D596EBC4C01}.Debug|Any CPU.ActiveCfg = Debug|Any CPU
		{8F220DDE-7C6D-4224-872B-8D596EBC4C01}.Debug|Any CPU.Build.0 = Debug|Any CPU
		{8F220DDE-7C6D-4224-872B-8D596EBC4C01}.Release|Any CPU.ActiveCfg = Release|Any CPU
		{8F220DDE-7C6D-4224-872B-8D596EBC4C01}.Release|Any CPU.Build.0 = Release|Any CPU
		{AD571610-2631-4378-BDDD-5920E2E8DE7B}.Debug|Any CPU.ActiveCfg = Debug|Any CPU
		{AD571610-2631-4378-BDDD-5920E2E8DE7B}.Debug|Any CPU.Build.0 = Debug|Any CPU
		{AD571610-2631-4378-BDDD-5920E2E8DE7B}.Release|Any CPU.ActiveCfg = Release|Any CPU
		{AD571610-2631-4378-BDDD-5920E2E8DE7B}.Release|Any CPU.Build.0 = Release|Any CPU
	EndGlobalSection
	GlobalSection(SolutionProperties) = preSolution
		HideSolutionNode = FALSE
	EndGlobalSection
	GlobalSection(ExtensibilityGlobals) = postSolution
		SolutionGuid = {6EF55AF8-976B-4F16-ACF9-D3B99DCA81F1}
	EndGlobalSection
EndGlobal
